
Microsoft Visual Studio Solution File, Format Version 12.00
# Visual Studio Version 17
VisualStudioVersion = 17.14.36121.58 d17.14
MinimumVisualStudioVersion = 10.0.40219.1
Project("{FAE04EC0-301F-11D3-BF4B-00C04F79EFBC}") = "Dhyana400BSI", "Dhyana400BSI\Dhyana400BSI.csproj", "{ED1D35FA-BE72-41FE-B7F7-76FFC40B21BA}"
EndProject
Global
	GlobalSection(SolutionConfigurationPlatforms) = preSolution
		Debug|Any CPU = Debug|Any CPU
		Release|Any CPU = Release|Any CPU
	EndGlobalSection
	GlobalSection(ProjectConfigurationPlatforms) = postSolution
		{ED1D35FA-BE72-41FE-B7F7-76FFC40B21BA}.Debug|Any CPU.ActiveCfg = Debug|Any CPU
		{ED1D35FA-BE72-41FE-B7F7-76FFC40B21BA}.Debug|Any CPU.Build.0 = Debug|Any CPU
		{ED1D35FA-BE72-41FE-B7F7-76FFC40B21BA}.Release|Any CPU.ActiveCfg = Release|Any CPU
		{ED1D35FA-BE72-41FE-B7F7-76FFC40B21BA}.Release|Any CPU.Build.0 = Release|Any CPU
	EndGlobalSection
	GlobalSection(SolutionProperties) = preSolution
		HideSolutionNode = FALSE
	EndGlobalSection
	GlobalSection(ExtensibilityGlobals) = postSolution
		SolutionGuid = {1AB5AD89-BC43-4EDD-8149-9A322E8D3005}
	EndGlobalSection
EndGlobal
